// !$*UTF8*$!
{
	archiveVersion = 1;
	classes = {
	};
	objectVersion = 50;
	objects = {

/* Begin PBXBuildFile section */
		AD06A667251B74BC004B5E0F /* DetailViewController.swift in Sources */ = {isa = PBXBuildFile; fileRef = AD06A666251B74BC004B5E0F /* DetailViewController.swift */; };
		AD403BB52474E8B9009E3170 /* covidLatestModel.swift in Sources */ = {isa = PBXBuildFile; fileRef = AD403BB42474E8B9009E3170 /* covidLatestModel.swift */; };
		AD5C18792460F1F7004BF363 /* AppDelegate.swift in Sources */ = {isa = PBXBuildFile; fileRef = AD5C18782460F1F7004BF363 /* AppDelegate.swift */; };
		AD5C187B2460F1F7004BF363 /* SceneDelegate.swift in Sources */ = {isa = PBXBuildFile; fileRef = AD5C187A2460F1F7004BF363 /* SceneDelegate.swift */; };
		AD5C187D2460F1F7004BF363 /* ViewController.swift in Sources */ = {isa = PBXBuildFile; fileRef = AD5C187C2460F1F7004BF363 /* ViewController.swift */; };
		AD5C18802460F1F7004BF363 /* Main.storyboard in Resources */ = {isa = PBXBuildFile; fileRef = AD5C187E2460F1F7004BF363 /* Main.storyboard */; };
		AD5C18832460F1F7004BF363 /* covidTracker.xcdatamodeld in Sources */ = {isa = PBXBuildFile; fileRef = AD5C18812460F1F7004BF363 /* covidTracker.xcdatamodeld */; };
		AD5C18852460F1F8004BF363 /* Assets.xcassets in Resources */ = {isa = PBXBuildFile; fileRef = AD5C18842460F1F8004BF363 /* Assets.xcassets */; };
		AD5C18882460F1F8004BF363 /* LaunchScreen.storyboard in Resources */ = {isa = PBXBuildFile; fileRef = AD5C18862460F1F8004BF363 /* LaunchScreen.storyboard */; };
		AD98E1F92462727600BD9D46 /* CovidData.swift in Sources */ = {isa = PBXBuildFile; fileRef = AD98E1F82462727600BD9D46 /* CovidData.swift */; };
		AD98E1FB2462729900BD9D46 /* ApiManager.swift in Sources */ = {isa = PBXBuildFile; fileRef = AD98E1FA2462729900BD9D46 /* ApiManager.swift */; };
		AD98E1FD246273B300BD9D46 /* CovidModel.swift in Sources */ = {isa = PBXBuildFile; fileRef = AD98E1FC246273B300BD9D46 /* CovidModel.swift */; };
/* End PBXBuildFile section */

/* Begin PBXFileReference section */
		AD06A666251B74BC004B5E0F /* DetailViewController.swift */ = {isa = PBXFileReference; lastKnownFileType = sourcecode.swift; path = DetailViewController.swift; sourceTree = "<group>"; };
		AD403BB42474E8B9009E3170 /* covidLatestModel.swift */ = {isa = PBXFileReference; lastKnownFileType = sourcecode.swift; path = covidLatestModel.swift; sourceTree = "<group>"; };
		AD5C18752460F1F7004BF363 /* covidTracker.app */ = {isa = PBXFileReference; explicitFileType = wrapper.application; includeInIndex = 0; path = covidTracker.app; sourceTree = BUILT_PRODUCTS_DIR; };
		AD5C18782460F1F7004BF363 /* AppDelegate.swift */ = {isa = PBXFileReference; lastKnownFileType = sourcecode.swift; path = AppDelegate.swift; sourceTree = "<group>"; };
		AD5C187A2460F1F7004BF363 /* SceneDelegate.swift */ = {isa = PBXFileReference; lastKnownFileType = sourcecode.swift; path = SceneDelegate.swift; sourceTree = "<group>"; };
		AD5C187C2460F1F7004BF363 /* ViewController.swift */ = {isa = PBXFileReference; lastKnownFileType = sourcecode.swift; path = ViewController.swift; sourceTree = "<group>"; };
		AD5C187F2460F1F7004BF363 /* Base */ = {isa = PBXFileReference; lastKnownFileType = file.storyboard; name = Base; path = Base.lproj/Main.storyboard; sourceTree = "<group>"; };
		AD5C18822460F1F7004BF363 /* covidTracker.xcdatamodel */ = {isa = PBXFileReference; lastKnownFileType = wrapper.xcdatamodel; path = covidTracker.xcdatamodel; sourceTree = "<group>"; };
		AD5C18842460F1F8004BF363 /* Assets.xcassets */ = {isa = PBXFileReference; lastKnownFileType = folder.assetcatalog; path = Assets.xcassets; sourceTree = "<group>"; };
		AD5C18872460F1F8004BF363 /* Base */ = {isa = PBXFileReference; lastKnownFileType = file.storyboard; name = Base; path = Base.lproj/LaunchScreen.storyboard; sourceTree = "<group>"; };
		AD5C18892460F1F8004BF363 /* Info.plist */ = {isa = PBXFileReference; lastKnownFileType = text.plist.xml; path = Info.plist; sourceTree = "<group>"; };
		AD98E1F82462727600BD9D46 /* CovidData.swift */ = {isa = PBXFileReference; lastKnownFileType = sourcecode.swift; path = CovidData.swift; sourceTree = "<group>"; };
		AD98E1FA2462729900BD9D46 /* ApiManager.swift */ = {isa = PBXFileReference; lastKnownFileType = sourcecode.swift; path = ApiManager.swift; sourceTree = "<group>"; };
		AD98E1FC246273B300BD9D46 /* CovidModel.swift */ = {isa = PBXFileReference; lastKnownFileType = sourcecode.swift; path = CovidModel.swift; sourceTree = "<group>"; };
/* End PBXFileReference section */

/* Begin PBXFrameworksBuildPhase section */
		AD5C18722460F1F7004BF363 /* Frameworks */ = {
			isa = PBXFrameworksBuildPhase;
			buildActionMask = 2147483647;
			files = (
			);
			runOnlyForDeploymentPostprocessing = 0;
		};
/* End PBXFrameworksBuildPhase section */

/* Begin PBXGroup section */
		AD5C186C2460F1F7004BF363 = {
			isa = PBXGroup;
			children = (
				AD5C18772460F1F7004BF363 /* covidTracker */,
				AD5C18762460F1F7004BF363 /* Products */,
			);
			sourceTree = "<group>";
		};
		AD5C18762460F1F7004BF363 /* Products */ = {
			isa = PBXGroup;
			children = (
				AD5C18752460F1F7004BF363 /* covidTracker.app */,
			);
			name = Products;
			sourceTree = "<group>";
		};
		AD5C18772460F1F7004BF363 /* covidTracker */ = {
			isa = PBXGroup;
			children = (
				AD98E1F42462721A00BD9D46 /* Model */,
				AD98E1F72462724200BD9D46 /* Controller */,
				AD98E1F52462722900BD9D46 /* View */,
				AD5C18782460F1F7004BF363 /* AppDelegate.swift */,
				AD5C187A2460F1F7004BF363 /* SceneDelegate.swift */,
				AD5C18842460F1F8004BF363 /* Assets.xcassets */,
				AD5C18862460F1F8004BF363 /* LaunchScreen.storyboard */,
				AD5C18892460F1F8004BF363 /* Info.plist */,
				AD5C18812460F1F7004BF363 /* covidTracker.xcdatamodeld */,
			);
			path = covidTracker;
			sourceTree = "<group>";
		};
		AD98E1F42462721A00BD9D46 /* Model */ = {
			isa = PBXGroup;
			children = (
				AD98E1F82462727600BD9D46 /* CovidData.swift */,
				AD98E1FA2462729900BD9D46 /* ApiManager.swift */,
				AD98E1FC246273B300BD9D46 /* CovidModel.swift */,
				AD403BB42474E8B9009E3170 /* covidLatestModel.swift */,
			);
			path = Model;
			sourceTree = "<group>";
		};
		AD98E1F52462722900BD9D46 /* View */ = {
			isa = PBXGroup;
			children = (
				AD5C187E2460F1F7004BF363 /* Main.storyboard */,
			);
			name = View;
			sourceTree = "<group>";
		};
		AD98E1F72462724200BD9D46 /* Controller */ = {
			isa = PBXGroup;
			children = (
				AD5C187C2460F1F7004BF363 /* ViewController.swift */,
				AD06A666251B74BC004B5E0F /* DetailViewController.swift */,
			);
			name = Controller;
			sourceTree = "<group>";
		};
/* End PBXGroup section */

/* Begin PBXNativeTarget section */
		AD5C18742460F1F7004BF363 /* covidTracker */ = {
			isa = PBXNativeTarget;
			buildConfigurationList = AD5C188C2460F1F8004BF363 /* Build configuration list for PBXNativeTarget "covidTracker" */;
			buildPhases = (
				AD5C18712460F1F7004BF363 /* Sources */,
				AD5C18722460F1F7004BF363 /* Frameworks */,
				AD5C18732460F1F7004BF363 /* Resources */,
				AD35C5AA2519B122009611A9 /* Run Script */,
			);
			buildRules = (
			);
			dependencies = (
			);
			name = covidTracker;
			productName = covidTracker;
			productReference = AD5C18752460F1F7004BF363 /* covidTracker.app */;
			productType = "com.apple.product-type.application";
		};
/* End PBXNativeTarget section */

/* Begin PBXProject section */
		AD5C186D2460F1F7004BF363 /* Project object */ = {
			isa = PBXProject;
			attributes = {
				LastSwiftUpdateCheck = 1140;
				LastUpgradeCheck = 1140;
				ORGANIZATIONNAME = "Adnan Abdulai";
				TargetAttributes = {
					AD5C18742460F1F7004BF363 = {
						CreatedOnToolsVersion = 11.4.1;
					};
				};
			};
			buildConfigurationList = AD5C18702460F1F7004BF363 /* Build configuration list for PBXProject "covidTracker" */;
			compatibilityVersion = "Xcode 9.3";
			developmentRegion = en;
			hasScannedForEncodings = 0;
			knownRegions = (
				en,
				Base,
			);
			mainGroup = AD5C186C2460F1F7004BF363;
			productRefGroup = AD5C18762460F1F7004BF363 /* Products */;
			projectDirPath = "";
			projectRoot = "";
			targets = (
				AD5C18742460F1F7004BF363 /* covidTracker */,
			);
		};
/* End PBXProject section */

/* Begin PBXResourcesBuildPhase section */
		AD5C18732460F1F7004BF363 /* Resources */ = {
			isa = PBXResourcesBuildPhase;
			buildActionMask = 2147483647;
			files = (
				AD5C18882460F1F8004BF363 /* LaunchScreen.storyboard in Resources */,
				AD5C18852460F1F8004BF363 /* Assets.xcassets in Resources */,
				AD5C18802460F1F7004BF363 /* Main.storyboard in Resources */,
			);
			runOnlyForDeploymentPostprocessing = 0;
		};
/* End PBXResourcesBuildPhase section */

/* Begin PBXShellScriptBuildPhase section */
		AD35C5AA2519B122009611A9 /* Run Script */ = {
			isa = PBXShellScriptBuildPhase;
			buildActionMask = 2147483647;
			files = (
			);
			inputFileListPaths = (
			);
			inputPaths = (
			);
			name = "Run Script";
			outputFileListPaths = (
			);
			outputPaths = (
			);
			runOnlyForDeploymentPostprocessing = 0;
			shellPath = /bin/sh;
			shellScript = "if which swiftlint >/dev/null; then\n  swiftlint\nelse\n  echo \"warning: SwiftLint not installed, download from https://github.com/realm/SwiftLint\"\nfi\n";
		};
/* End PBXShellScriptBuildPhase section */

/* Begin PBXSourcesBuildPhase section */
		AD5C18712460F1F7004BF363 /* Sources */ = {
			isa = PBXSourcesBuildPhase;
			buildActionMask = 2147483647;
			files = (
				AD06A667251B74BC004B5E0F /* DetailViewController.swift in Sources */,
				AD5C187D2460F1F7004BF363 /* ViewController.swift in Sources */,
				AD98E1F92462727600BD9D46 /* CovidData.swift in Sources */,
				AD98E1FD246273B300BD9D46 /* CovidModel.swift in Sources */,
				AD5C18792460F1F7004BF363 /* AppDelegate.swift in Sources */,
				AD403BB52474E8B9009E3170 /* covidLatestModel.swift in Sources */,
				AD5C18832460F1F7004BF363 /* covidTracker.xcdatamodeld in Sources */,
				AD98E1FB2462729900BD9D46 /* ApiManager.swift in Sources */,
				AD5C187B2460F1F7004BF363 /* SceneDelegate.swift in Sources */,
			);
			runOnlyForDeploymentPostprocessing = 0;
		};
/* End PBXSourcesBuildPhase section */

/* Begin PBXVariantGroup section */
		AD5C187E2460F1F7004BF363 /* Main.storyboard */ = {
			isa = PBXVariantGroup;
			children = (
				AD5C187F2460F1F7004BF363 /* Base */,
			);
			name = Main.storyboard;
			sourceTree = "<group>";
		};
		AD5C18862460F1F8004BF363 /* LaunchScreen.storyboard */ = {
			isa = PBXVariantGroup;
			children = (
				AD5C18872460F1F8004BF363 /* Base */,
			);
			name = LaunchScreen.storyboard;
			sourceTree = "<group>";
		};
/* End PBXVariantGroup section */

/* Begin XCBuildConfiguration section */
		AD5C188A2460F1F8004BF363 /* Debug */ = {
			isa = XCBuildConfiguration;
			buildSettings = {
				ALWAYS_SEARCH_USER_PATHS = NO;
				CLANG_ANALYZER_NONNULL = YES;
				CLANG_ANALYZER_NUMBER_OBJECT_CONVERSION = YES_AGGRESSIVE;
				CLANG_CXX_LANGUAGE_STANDARD = "gnu++14";
				CLANG_CXX_LIBRARY = "libc++";
				CLANG_ENABLE_MODULES = YES;
				CLANG_ENABLE_OBJC_ARC = YES;
				CLANG_ENABLE_OBJC_WEAK = YES;
				CLANG_WARN_BLOCK_CAPTURE_AUTORELEASING = YES;
				CLANG_WARN_BOOL_CONVERSION = YES;
				CLANG_WARN_COMMA = YES;
				CLANG_WARN_CONSTANT_CONVERSION = YES;
				CLANG_WARN_DEPRECATED_OBJC_IMPLEMENTATIONS = YES;
				CLANG_WARN_DIRECT_OBJC_ISA_USAGE = YES_ERROR;
				CLANG_WARN_DOCUMENTATION_COMMENTS = YES;
				CLANG_WARN_EMPTY_BODY = YES;
				CLANG_WARN_ENUM_CONVERSION = YES;
				CLANG_WARN_INFINITE_RECURSION = YES;
				CLANG_WARN_INT_CONVERSION = YES;
				CLANG_WARN_NON_LITERAL_NULL_CONVERSION = YES;
				CLANG_WARN_OBJC_IMPLICIT_RETAIN_SELF = YES;
				CLANG_WARN_OBJC_LITERAL_CONVERSION = YES;
				CLANG_WARN_OBJC_ROOT_CLASS = YES_ERROR;
				CLANG_WARN_RANGE_LOOP_ANALYSIS = YES;
				CLANG_WARN_STRICT_PROTOTYPES = YES;
				CLANG_WARN_SUSPICIOUS_MOVE = YES;
				CLANG_WARN_UNGUARDED_AVAILABILITY = YES_AGGRESSIVE;
				CLANG_WARN_UNREACHABLE_CODE = YES;
				CLANG_WARN__DUPLICATE_METHOD_MATCH = YES;
				COPY_PHASE_STRIP = NO;
				DEBUG_INFORMATION_FORMAT = dwarf;
				ENABLE_STRICT_OBJC_MSGSEND = YES;
				ENABLE_TESTABILITY = YES;
				GCC_C_LANGUAGE_STANDARD = gnu11;
				GCC_DYNAMIC_NO_PIC = NO;
				GCC_NO_COMMON_BLOCKS = YES;
				GCC_OPTIMIZATION_LEVEL = 0;
				GCC_PREPROCESSOR_DEFINITIONS = (
					"DEBUG=1",
					"$(inherited)",
				);
				GCC_WARN_64_TO_32_BIT_CONVERSION = YES;
				GCC_WARN_ABOUT_RETURN_TYPE = YES_ERROR;
				GCC_WARN_UNDECLARED_SELECTOR = YES;
				GCC_WARN_UNINITIALIZED_AUTOS = YES_AGGRESSIVE;
				GCC_WARN_UNUSED_FUNCTION = YES;
				GCC_WARN_UNUSED_VARIABLE = YES;
				IPHONEOS_DEPLOYMENT_TARGET = 13.4;
				MTL_ENABLE_DEBUG_INFO = INCLUDE_SOURCE;
				MTL_FAST_MATH = YES;
				ONLY_ACTIVE_ARCH = YES;
				SDKROOT = iphoneos;
				SWIFT_ACTIVE_COMPILATION_CONDITIONS = DEBUG;
				SWIFT_OPTIMIZATION_LEVEL = "-Onone";
			};
			name = Debug;
		};
		AD5C188B2460F1F8004BF363 /* Release */ = {
			isa = XCBuildConfiguration;
			buildSettings = {
				ALWAYS_SEARCH_USER_PATHS = NO;
				CLANG_ANALYZER_NONNULL = YES;
				CLANG_ANALYZER_NUMBER_OBJECT_CONVERSION = YES_AGGRESSIVE;
				CLANG_CXX_LANGUAGE_STANDARD = "gnu++14";
				CLANG_CXX_LIBRARY = "libc++";
				CLANG_ENABLE_MODULES = YES;
				CLANG_ENABLE_OBJC_ARC = YES;
				CLANG_ENABLE_OBJC_WEAK = YES;
				CLANG_WARN_BLOCK_CAPTURE_AUTORELEASING = YES;
				CLANG_WARN_BOOL_CONVERSION = YES;
				CLANG_WARN_COMMA = YES;
				CLANG_WARN_CONSTANT_CONVERSION = YES;
				CLANG_WARN_DEPRECATED_OBJC_IMPLEMENTATIONS = YES;
				CLANG_WARN_DIRECT_OBJC_ISA_USAGE = YES_ERROR;
				CLANG_WARN_DOCUMENTATION_COMMENTS = YES;
				CLANG_WARN_EMPTY_BODY = YES;
				CLANG_WARN_ENUM_CONVERSION = YES;
				CLANG_WARN_INFINITE_RECURSION = YES;
				CLANG_WARN_INT_CONVERSION = YES;
				CLANG_WARN_NON_LITERAL_NULL_CONVERSION = YES;
				CLANG_WARN_OBJC_IMPLICIT_RETAIN_SELF = YES;
				CLANG_WARN_OBJC_LITERAL_CONVERSION = YES;
				CLANG_WARN_OBJC_ROOT_CLASS = YES_ERROR;
				CLANG_WARN_RANGE_LOOP_ANALYSIS = YES;
				CLANG_WARN_STRICT_PROTOTYPES = YES;
				CLANG_WARN_SUSPICIOUS_MOVE = YES;
				CLANG_WARN_UNGUARDED_AVAILABILITY = YES_AGGRESSIVE;
				CLANG_WARN_UNREACHABLE_CODE = YES;
				CLANG_WARN__DUPLICATE_METHOD_MATCH = YES;
				COPY_PHASE_STRIP = NO;
				DEBUG_INFORMATION_FORMAT = "dwarf-with-dsym";
				ENABLE_NS_ASSERTIONS = NO;
				ENABLE_STRICT_OBJC_MSGSEND = YES;
				GCC_C_LANGUAGE_STANDARD = gnu11;
				GCC_NO_COMMON_BLOCKS = YES;
				GCC_WARN_64_TO_32_BIT_CONVERSION = YES;
				GCC_WARN_ABOUT_RETURN_TYPE = YES_ERROR;
				GCC_WARN_UNDECLARED_SELECTOR = YES;
				GCC_WARN_UNINITIALIZED_AUTOS = YES_AGGRESSIVE;
				GCC_WARN_UNUSED_FUNCTION = YES;
				GCC_WARN_UNUSED_VARIABLE = YES;
				IPHONEOS_DEPLOYMENT_TARGET = 13.4;
				MTL_ENABLE_DEBUG_INFO = NO;
				MTL_FAST_MATH = YES;
				SDKROOT = iphoneos;
				SWIFT_COMPILATION_MODE = wholemodule;
				SWIFT_OPTIMIZATION_LEVEL = "-O";
				VALIDATE_PRODUCT = YES;
			};
			name = Release;
		};
		AD5C188D2460F1F8004BF363 /* Debug */ = {
			isa = XCBuildConfiguration;
			buildSettings = {
				ASSETCATALOG_COMPILER_APPICON_NAME = AppIcon;
				CODE_SIGN_STYLE = Automatic;
				DEVELOPMENT_TEAM = DNT3ZRB35C;
				INFOPLIST_FILE = covidTracker/Info.plist;
				IPHONEOS_DEPLOYMENT_TARGET = 13.3;
				LD_RUNPATH_SEARCH_PATHS = (
					"$(inherited)",
					"@executable_path/Frameworks",
				);
				PRODUCT_BUNDLE_IDENTIFIER = com.emilshouse.covidTracker;
				PRODUCT_NAME = "$(TARGET_NAME)";
				SWIFT_VERSION = 5.0;
				TARGETED_DEVICE_FAMILY = "1,2";
			};
			name = Debug;
		};
		AD5C188E2460F1F8004BF363 /* Release */ = {
			isa = XCBuildConfiguration;
			buildSettings = {
				ASSETCATALOG_COMPILER_APPICON_NAME = AppIcon;
				CODE_SIGN_STYLE = Automatic;
				DEVELOPMENT_TEAM = DNT3ZRB35C;
				INFOPLIST_FILE = covidTracker/Info.plist;
				IPHONEOS_DEPLOYMENT_TARGET = 13.3;
				LD_RUNPATH_SEARCH_PATHS = (
					"$(inherited)",
					"@executable_path/Frameworks",
				);
				PRODUCT_BUNDLE_IDENTIFIER = com.emilshouse.covidTracker;
				PRODUCT_NAME = "$(TARGET_NAME)";
				SWIFT_VERSION = 5.0;
				TARGETED_DEVICE_FAMILY = "1,2";
			};
			name = Release;
		};
/* End XCBuildConfiguration section */

/* Begin XCConfigurationList section */
		AD5C18702460F1F7004BF363 /* Build configuration list for PBXProject "covidTracker" */ = {
			isa = XCConfigurationList;
			buildConfigurations = (
				AD5C188A2460F1F8004BF363 /* Debug */,
				AD5C188B2460F1F8004BF363 /* Release */,
			);
			defaultConfigurationIsVisible = 0;
			defaultConfigurationName = Release;
		};
		AD5C188C2460F1F8004BF363 /* Build configuration list for PBXNativeTarget "covidTracker" */ = {
			isa = XCConfigurationList;
			buildConfigurations = (
				AD5C188D2460F1F8004BF363 /* Debug */,
				AD5C188E2460F1F8004BF363 /* Release */,
			);
			defaultConfigurationIsVisible = 0;
			defaultConfigurationName = Release;
		};
/* End XCConfigurationList section */

/* Begin XCVersionGroup section */
		AD5C18812460F1F7004BF363 /* covidTracker.xcdatamodeld */ = {
			isa = XCVersionGroup;
			children = (
				AD5C18822460F1F7004BF363 /* covidTracker.xcdatamodel */,
			);
			currentVersion = AD5C18822460F1F7004BF363 /* covidTracker.xcdatamodel */;
			path = covidTracker.xcdatamodeld;
			sourceTree = "<group>";
			versionGroupType = wrapper.xcdatamodel;
		};
/* End XCVersionGroup section */
	};
	rootObject = AD5C186D2460F1F7004BF363 /* Project object */;
}
